
Microsoft Visual Studio Solution File, Format Version 12.00
# Visual Studio Version 16
VisualStudioVersion = 16.0.31205.134
MinimumVisualStudioVersion = 10.0.40219.1
Project("{F184B08F-C81C-45F6-A57F-5ABD9991F28F}") = "PoliceEnhancementV.net", "PoliceEnhancementV.net.vbproj", "{7F8022BF-8F59-4419-88F2-19590BF9CD04}"
EndProject
Global
	GlobalSection(SolutionConfigurationPlatforms) = preSolution
		Debug|Any CPU = Debug|Any CPU
		Release|Any CPU = Release|Any CPU
	EndGlobalSection
	GlobalSection(ProjectConfigurationPlatforms) = postSolution
		{7F8022BF-8F59-4419-88F2-19590BF9CD04}.Debug|Any CPU.ActiveCfg = Debug|Any CPU
		{7F8022BF-8F59-4419-88F2-19590BF9CD04}.Debug|Any CPU.Build.0 = Debug|Any CPU
		{7F8022BF-8F59-4419-88F2-19590BF9CD04}.Release|Any CPU.ActiveCfg = Release|Any CPU
		{7F8022BF-8F59-4419-88F2-19590BF9CD04}.Release|Any CPU.Build.0 = Release|Any CPU
	EndGlobalSection
	GlobalSection(SolutionProperties) = preSolution
		HideSolutionNode = FALSE
	EndGlobalSection
	GlobalSection(ExtensibilityGlobals) = postSolution
		SolutionGuid = {D1BFC505-71B9-4C1D-BD1B-C2BD5650A331}
	EndGlobalSection
EndGlobal
